
Microsoft Visual Studio Solution File, Format Version 12.00
Project("{FAE04EC0-301F-11D3-BF4B-00C04F79EFBC}") = "Offers", "Offers\Offers.csproj", "{9BBF2914-DD77-4B7D-8311-1222F9F6C106}"
EndProject
Project("{FAE04EC0-301F-11D3-BF4B-00C04F79EFBC}") = "Offers.Services", "Offers.Services\Offers.Services.csproj", "{EA0A9443-457C-490B-AD6C-CA7892F412B5}"
EndProject
Project("{FAE04EC0-301F-11D3-BF4B-00C04F79EFBC}") = "Offers.Common", "Offers.Common\Offers.Common.csproj", "{AA50132E-DA37-425C-B3EF-964EBA96F41C}"
EndProject
Global
	GlobalSection(SolutionConfigurationPlatforms) = preSolution
		Debug|Any CPU = Debug|Any CPU
		Release|Any CPU = Release|Any CPU
	EndGlobalSection
	GlobalSection(ProjectConfigurationPlatforms) = postSolution
		{9BBF2914-DD77-4B7D-8311-1222F9F6C106}.Debug|Any CPU.ActiveCfg = Debug|Any CPU
		{9BBF2914-DD77-4B7D-8311-1222F9F6C106}.Debug|Any CPU.Build.0 = Debug|Any CPU
		{9BBF2914-DD77-4B7D-8311-1222F9F6C106}.Release|Any CPU.ActiveCfg = Release|Any CPU
		{9BBF2914-DD77-4B7D-8311-1222F9F6C106}.Release|Any CPU.Build.0 = Release|Any CPU
		{EA0A9443-457C-490B-AD6C-CA7892F412B5}.Debug|Any CPU.ActiveCfg = Debug|Any CPU
		{EA0A9443-457C-490B-AD6C-CA7892F412B5}.Debug|Any CPU.Build.0 = Debug|Any CPU
		{EA0A9443-457C-490B-AD6C-CA7892F412B5}.Release|Any CPU.ActiveCfg = Release|Any CPU
		{EA0A9443-457C-490B-AD6C-CA7892F412B5}.Release|Any CPU.Build.0 = Release|Any CPU
		{AA50132E-DA37-425C-B3EF-964EBA96F41C}.Debug|Any CPU.ActiveCfg = Debug|Any CPU
		{AA50132E-DA37-425C-B3EF-964EBA96F41C}.Debug|Any CPU.Build.0 = Debug|Any CPU
		{AA50132E-DA37-425C-B3EF-964EBA96F41C}.Release|Any CPU.ActiveCfg = Release|Any CPU
		{AA50132E-DA37-425C-B3EF-964EBA96F41C}.Release|Any CPU.Build.0 = Release|Any CPU
	EndGlobalSection
EndGlobal
