
Microsoft Visual Studio Solution File, Format Version 12.00
# Visual Studio Version 17
VisualStudioVersion = 17.7.34024.191
MinimumVisualStudioVersion = 10.0.40219.1
Project("{FAE04EC0-301F-11D3-BF4B-00C04F79EFBC}") = "Presentation", "Presentation\Presentation.csproj", "{5888B965-C5A7-47CF-8975-3CEAB5A021D6}"
EndProject
Project("{FAE04EC0-301F-11D3-BF4B-00C04F79EFBC}") = "Application", "Application\Application.csproj", "{A47435F4-C27E-4F58-BEDA-3449D5B7390F}"
EndProject
Project("{FAE04EC0-301F-11D3-BF4B-00C04F79EFBC}") = "DataAccess", "DataAccess\DataAccess.csproj", "{CF43DB9E-9984-42E2-9D84-F767FC5BBED9}"
EndProject
Project("{FAE04EC0-301F-11D3-BF4B-00C04F79EFBC}") = "Infrastructure", "Infrastructure\Infrastructure.csproj", "{5F75AC6A-4219-4646-AB0E-A666C6F6A1CF}"
EndProject
Project("{FAE04EC0-301F-11D3-BF4B-00C04F79EFBC}") = "Application.Tests", "Application.Tests\Application.Tests.csproj", "{EB39FC44-B843-4A66-B408-9AAC731695DF}"
EndProject
Global
	GlobalSection(SolutionConfigurationPlatforms) = preSolution
		Debug|Any CPU = Debug|Any CPU
		Release|Any CPU = Release|Any CPU
	EndGlobalSection
	GlobalSection(ProjectConfigurationPlatforms) = postSolution
		{5888B965-C5A7-47CF-8975-3CEAB5A021D6}.Debug|Any CPU.ActiveCfg = Debug|Any CPU
		{5888B965-C5A7-47CF-8975-3CEAB5A021D6}.Debug|Any CPU.Build.0 = Debug|Any CPU
		{5888B965-C5A7-47CF-8975-3CEAB5A021D6}.Release|Any CPU.ActiveCfg = Release|Any CPU
		{5888B965-C5A7-47CF-8975-3CEAB5A021D6}.Release|Any CPU.Build.0 = Release|Any CPU
		{A47435F4-C27E-4F58-BEDA-3449D5B7390F}.Debug|Any CPU.ActiveCfg = Debug|Any CPU
		{A47435F4-C27E-4F58-BEDA-3449D5B7390F}.Debug|Any CPU.Build.0 = Debug|Any CPU
		{A47435F4-C27E-4F58-BEDA-3449D5B7390F}.Release|Any CPU.ActiveCfg = Release|Any CPU
		{A47435F4-C27E-4F58-BEDA-3449D5B7390F}.Release|Any CPU.Build.0 = Release|Any CPU
		{CF43DB9E-9984-42E2-9D84-F767FC5BBED9}.Debug|Any CPU.ActiveCfg = Debug|Any CPU
		{CF43DB9E-9984-42E2-9D84-F767FC5BBED9}.Debug|Any CPU.Build.0 = Debug|Any CPU
		{CF43DB9E-9984-42E2-9D84-F767FC5BBED9}.Release|Any CPU.ActiveCfg = Release|Any CPU
		{CF43DB9E-9984-42E2-9D84-F767FC5BBED9}.Release|Any CPU.Build.0 = Release|Any CPU
		{5F75AC6A-4219-4646-AB0E-A666C6F6A1CF}.Debug|Any CPU.ActiveCfg = Debug|Any CPU
		{5F75AC6A-4219-4646-AB0E-A666C6F6A1CF}.Debug|Any CPU.Build.0 = Debug|Any CPU
		{5F75AC6A-4219-4646-AB0E-A666C6F6A1CF}.Release|Any CPU.ActiveCfg = Release|Any CPU
		{5F75AC6A-4219-4646-AB0E-A666C6F6A1CF}.Release|Any CPU.Build.0 = Release|Any CPU
		{EB39FC44-B843-4A66-B408-9AAC731695DF}.Debug|Any CPU.ActiveCfg = Debug|Any CPU
		{EB39FC44-B843-4A66-B408-9AAC731695DF}.Debug|Any CPU.Build.0 = Debug|Any CPU
		{EB39FC44-B843-4A66-B408-9AAC731695DF}.Release|Any CPU.ActiveCfg = Release|Any CPU
		{EB39FC44-B843-4A66-B408-9AAC731695DF}.Release|Any CPU.Build.0 = Release|Any CPU
	EndGlobalSection
	GlobalSection(SolutionProperties) = preSolution
		HideSolutionNode = FALSE
	EndGlobalSection
	GlobalSection(ExtensibilityGlobals) = postSolution
		SolutionGuid = {435655B0-A5BF-4E15-9632-3AAAA9D2E9FD}
	EndGlobalSection
EndGlobal
